// !$*UTF8*$!
{
	archiveVersion = 1;
	classes = {
	};
	objectVersion = 55;
	objects = {

/* Begin PBXBuildFile section */
		B58DA30028F3D01D00AE0E9B /* AppDelegate.m in Sources */ = {isa = PBXBuildFile; fileRef = B58DA2FF28F3D01D00AE0E9B /* AppDelegate.m */; };
		B58DA30328F3D01D00AE0E9B /* SceneDelegate.m in Sources */ = {isa = PBXBuildFile; fileRef = B58DA30228F3D01D00AE0E9B /* SceneDelegate.m */; };
		B58DA30628F3D01D00AE0E9B /* ViewController.m in Sources */ = {isa = PBXBuildFile; fileRef = B58DA30528F3D01D00AE0E9B /* ViewController.m */; };
		B58DA30928F3D01D00AE0E9B /* Main.storyboard in Resources */ = {isa = PBXBuildFile; fileRef = B58DA30728F3D01D00AE0E9B /* Main.storyboard */; };
		B58DA30B28F3D01F00AE0E9B /* Assets.xcassets in Resources */ = {isa = PBXBuildFile; fileRef = B58DA30A28F3D01F00AE0E9B /* Assets.xcassets */; };
		B58DA30E28F3D01F00AE0E9B /* LaunchScreen.storyboard in Resources */ = {isa = PBXBuildFile; fileRef = B58DA30C28F3D01F00AE0E9B /* LaunchScreen.storyboard */; };
		B58DA31128F3D01F00AE0E9B /* main.m in Sources */ = {isa = PBXBuildFile; fileRef = B58DA31028F3D01F00AE0E9B /* main.m */; };
		D0C10C81370C05023D496B26 /* libPods-LottieSwiftToOC.a in Frameworks */ = {isa = PBXBuildFile; fileRef = 770CC7E8CD36D4CF2513C0FE /* libPods-LottieSwiftToOC.a */; };
/* End PBXBuildFile section */

/* Begin PBXFileReference section */
		6D160211371A190AFC527FA1 /* Pods-LottieSwiftToOC.debug.xcconfig */ = {isa = PBXFileReference; includeInIndex = 1; lastKnownFileType = text.xcconfig; name = "Pods-LottieSwiftToOC.debug.xcconfig"; path = "Target Support Files/Pods-LottieSwiftToOC/Pods-LottieSwiftToOC.debug.xcconfig"; sourceTree = "<group>"; };
		770CC7E8CD36D4CF2513C0FE /* libPods-LottieSwiftToOC.a */ = {isa = PBXFileReference; explicitFileType = archive.ar; includeInIndex = 0; path = "libPods-LottieSwiftToOC.a"; sourceTree = BUILT_PRODUCTS_DIR; };
		B58DA2FB28F3D01D00AE0E9B /* LottieSwiftToOC.app */ = {isa = PBXFileReference; explicitFileType = wrapper.application; includeInIndex = 0; path = LottieSwiftToOC.app; sourceTree = BUILT_PRODUCTS_DIR; };
		B58DA2FE28F3D01D00AE0E9B /* AppDelegate.h */ = {isa = PBXFileReference; lastKnownFileType = sourcecode.c.h; path = AppDelegate.h; sourceTree = "<group>"; };
		B58DA2FF28F3D01D00AE0E9B /* AppDelegate.m */ = {isa = PBXFileReference; lastKnownFileType = sourcecode.c.objc; path = AppDelegate.m; sourceTree = "<group>"; };
		B58DA30128F3D01D00AE0E9B /* SceneDelegate.h */ = {isa = PBXFileReference; lastKnownFileType = sourcecode.c.h; path = SceneDelegate.h; sourceTree = "<group>"; };
		B58DA30228F3D01D00AE0E9B /* SceneDelegate.m */ = {isa = PBXFileReference; lastKnownFileType = sourcecode.c.objc; path = SceneDelegate.m; sourceTree = "<group>"; };
		B58DA30428F3D01D00AE0E9B /* ViewController.h */ = {isa = PBXFileReference; lastKnownFileType = sourcecode.c.h; path = ViewController.h; sourceTree = "<group>"; };
		B58DA30528F3D01D00AE0E9B /* ViewController.m */ = {isa = PBXFileReference; lastKnownFileType = sourcecode.c.objc; path = ViewController.m; sourceTree = "<group>"; };
		B58DA30828F3D01D00AE0E9B /* Base */ = {isa = PBXFileReference; lastKnownFileType = file.storyboard; name = Base; path = Base.lproj/Main.storyboard; sourceTree = "<group>"; };
		B58DA30A28F3D01F00AE0E9B /* Assets.xcassets */ = {isa = PBXFileReference; lastKnownFileType = folder.assetcatalog; path = Assets.xcassets; sourceTree = "<group>"; };
		B58DA30D28F3D01F00AE0E9B /* Base */ = {isa = PBXFileReference; lastKnownFileType = file.storyboard; name = Base; path = Base.lproj/LaunchScreen.storyboard; sourceTree = "<group>"; };
		B58DA30F28F3D01F00AE0E9B /* Info.plist */ = {isa = PBXFileReference; lastKnownFileType = text.plist.xml; path = Info.plist; sourceTree = "<group>"; };
		B58DA31028F3D01F00AE0E9B /* main.m */ = {isa = PBXFileReference; lastKnownFileType = sourcecode.c.objc; path = main.m; sourceTree = "<group>"; };
		CD5D7F329ECA5FC058E89990 /* Pods-LottieSwiftToOC.release.xcconfig */ = {isa = PBXFileReference; includeInIndex = 1; lastKnownFileType = text.xcconfig; name = "Pods-LottieSwiftToOC.release.xcconfig"; path = "Target Support Files/Pods-LottieSwiftToOC/Pods-LottieSwiftToOC.release.xcconfig"; sourceTree = "<group>"; };
/* End PBXFileReference section */

/* Begin PBXFrameworksBuildPhase section */
		B58DA2F828F3D01D00AE0E9B /* Frameworks */ = {
			isa = PBXFrameworksBuildPhase;
			buildActionMask = 2147483647;
			files = (
				D0C10C81370C05023D496B26 /* libPods-LottieSwiftToOC.a in Frameworks */,
			);
			runOnlyForDeploymentPostprocessing = 0;
		};
/* End PBXFrameworksBuildPhase section */

/* Begin PBXGroup section */
		44945E091C92D095FAA1F4B9 /* Pods */ = {
			isa = PBXGroup;
			children = (
				6D160211371A190AFC527FA1 /* Pods-LottieSwiftToOC.debug.xcconfig */,
				CD5D7F329ECA5FC058E89990 /* Pods-LottieSwiftToOC.release.xcconfig */,
			);
			name = Pods;
			path = Pods;
			sourceTree = "<group>";
		};
		B58DA2F228F3D01D00AE0E9B = {
			isa = PBXGroup;
			children = (
				B58DA2FD28F3D01D00AE0E9B /* LottieSwiftToOC */,
				B58DA2FC28F3D01D00AE0E9B /* Products */,
				44945E091C92D095FAA1F4B9 /* Pods */,
				D599491CC8F960B53D2ABB0D /* Frameworks */,
			);
			sourceTree = "<group>";
		};
		B58DA2FC28F3D01D00AE0E9B /* Products */ = {
			isa = PBXGroup;
			children = (
				B58DA2FB28F3D01D00AE0E9B /* LottieSwiftToOC.app */,
			);
			name = Products;
			sourceTree = "<group>";
		};
		B58DA2FD28F3D01D00AE0E9B /* LottieSwiftToOC */ = {
			isa = PBXGroup;
			children = (
				B58DA2FE28F3D01D00AE0E9B /* AppDelegate.h */,
				B58DA2FF28F3D01D00AE0E9B /* AppDelegate.m */,
				B58DA30128F3D01D00AE0E9B /* SceneDelegate.h */,
				B58DA30228F3D01D00AE0E9B /* SceneDelegate.m */,
				B58DA30428F3D01D00AE0E9B /* ViewController.h */,
				B58DA30528F3D01D00AE0E9B /* ViewController.m */,
				B58DA30728F3D01D00AE0E9B /* Main.storyboard */,
				B58DA30A28F3D01F00AE0E9B /* Assets.xcassets */,
				B58DA30C28F3D01F00AE0E9B /* LaunchScreen.storyboard */,
				B58DA30F28F3D01F00AE0E9B /* Info.plist */,
				B58DA31028F3D01F00AE0E9B /* main.m */,
			);
			path = LottieSwiftToOC;
			sourceTree = "<group>";
		};
		D599491CC8F960B53D2ABB0D /* Frameworks */ = {
			isa = PBXGroup;
			children = (
				770CC7E8CD36D4CF2513C0FE /* libPods-LottieSwiftToOC.a */,
			);
			name = Frameworks;
			sourceTree = "<group>";
		};
/* End PBXGroup section */

/* Begin PBXNativeTarget section */
		B58DA2FA28F3D01D00AE0E9B /* LottieSwiftToOC */ = {
			isa = PBXNativeTarget;
			buildConfigurationList = B58DA31428F3D01F00AE0E9B /* Build configuration list for PBXNativeTarget "LottieSwiftToOC" */;
			buildPhases = (
				897257096399E9C0B1BDAC3B /* [CP] Check Pods Manifest.lock */,
				B58DA2F728F3D01D00AE0E9B /* Sources */,
				B58DA2F828F3D01D00AE0E9B /* Frameworks */,
				B58DA2F928F3D01D00AE0E9B /* Resources */,
			);
			buildRules = (
			);
			dependencies = (
			);
			name = LottieSwiftToOC;
			productName = LottieSwiftToOC;
			productReference = B58DA2FB28F3D01D00AE0E9B /* LottieSwiftToOC.app */;
			productType = "com.apple.product-type.application";
		};
/* End PBXNativeTarget section */

/* Begin PBXProject section */
		B58DA2F328F3D01D00AE0E9B /* Project object */ = {
			isa = PBXProject;
			attributes = {
				BuildIndependentTargetsInParallel = 1;
				LastUpgradeCheck = 1400;
				TargetAttributes = {
					B58DA2FA28F3D01D00AE0E9B = {
						CreatedOnToolsVersion = 14.0.1;
					};
				};
			};
			buildConfigurationList = B58DA2F628F3D01D00AE0E9B /* Build configuration list for PBXProject "LottieSwiftToOC" */;
			compatibilityVersion = "Xcode 13.0";
			developmentRegion = en;
			hasScannedForEncodings = 0;
			knownRegions = (
				en,
				Base,
			);
			mainGroup = B58DA2F228F3D01D00AE0E9B;
			productRefGroup = B58DA2FC28F3D01D00AE0E9B /* Products */;
			projectDirPath = "";
			projectRoot = "";
			targets = (
				B58DA2FA28F3D01D00AE0E9B /* LottieSwiftToOC */,
			);
		};
/* End PBXProject section */

/* Begin PBXResourcesBuildPhase section */
		B58DA2F928F3D01D00AE0E9B /* Resources */ = {
			isa = PBXResourcesBuildPhase;
			buildActionMask = 2147483647;
			files = (
				B58DA30E28F3D01F00AE0E9B /* LaunchScreen.storyboard in Resources */,
				B58DA30B28F3D01F00AE0E9B /* Assets.xcassets in Resources */,
				B58DA30928F3D01D00AE0E9B /* Main.storyboard in Resources */,
			);
			runOnlyForDeploymentPostprocessing = 0;
		};
/* End PBXResourcesBuildPhase section */

/* Begin PBXShellScriptBuildPhase section */
		897257096399E9C0B1BDAC3B /* [CP] Check Pods Manifest.lock */ = {
			isa = PBXShellScriptBuildPhase;
			buildActionMask = 2147483647;
			files = (
			);
			inputFileListPaths = (
			);
			inputPaths = (
				"${PODS_PODFILE_DIR_PATH}/Podfile.lock",
				"${PODS_ROOT}/Manifest.lock",
			);
			name = "[CP] Check Pods Manifest.lock";
			outputFileListPaths = (
			);
			outputPaths = (
				"$(DERIVED_FILE_DIR)/Pods-LottieSwiftToOC-checkManifestLockResult.txt",
			);
			runOnlyForDeploymentPostprocessing = 0;
			shellPath = /bin/sh;
			shellScript = "diff \"${PODS_PODFILE_DIR_PATH}/Podfile.lock\" \"${PODS_ROOT}/Manifest.lock\" > /dev/null\nif [ $? != 0 ] ; then\n    # print error to STDERR\n    echo \"error: The sandbox is not in sync with the Podfile.lock. Run 'pod install' or update your CocoaPods installation.\" >&2\n    exit 1\nfi\n# This output is used by Xcode 'outputs' to avoid re-running this script phase.\necho \"SUCCESS\" > \"${SCRIPT_OUTPUT_FILE_0}\"\n";
			showEnvVarsInLog = 0;
		};
/* End PBXShellScriptBuildPhase section */

/* Begin PBXSourcesBuildPhase section */
		B58DA2F728F3D01D00AE0E9B /* Sources */ = {
			isa = PBXSourcesBuildPhase;
			buildActionMask = 2147483647;
			files = (
				B58DA30628F3D01D00AE0E9B /* ViewController.m in Sources */,
				B58DA30028F3D01D00AE0E9B /* AppDelegate.m in Sources */,
				B58DA31128F3D01F00AE0E9B /* main.m in Sources */,
				B58DA30328F3D01D00AE0E9B /* SceneDelegate.m in Sources */,
			);
			runOnlyForDeploymentPostprocessing = 0;
		};
/* End PBXSourcesBuildPhase section */

/* Begin PBXVariantGroup section */
		B58DA30728F3D01D00AE0E9B /* Main.storyboard */ = {
			isa = PBXVariantGroup;
			children = (
				B58DA30828F3D01D00AE0E9B /* Base */,
			);
			name = Main.storyboard;
			sourceTree = "<group>";
		};
		B58DA30C28F3D01F00AE0E9B /* LaunchScreen.storyboard */ = {
			isa = PBXVariantGroup;
			children = (
				B58DA30D28F3D01F00AE0E9B /* Base */,
			);
			name = LaunchScreen.storyboard;
			sourceTree = "<group>";
		};
/* End PBXVariantGroup section */

/* Begin XCBuildConfiguration section */
		B58DA31228F3D01F00AE0E9B /* Debug */ = {
			isa = XCBuildConfiguration;
			buildSettings = {
				ALWAYS_SEARCH_USER_PATHS = NO;
				CLANG_ANALYZER_NONNULL = YES;
				CLANG_ANALYZER_NUMBER_OBJECT_CONVERSION = YES_AGGRESSIVE;
				CLANG_CXX_LANGUAGE_STANDARD = "gnu++20";
				CLANG_ENABLE_MODULES = YES;
				CLANG_ENABLE_OBJC_ARC = YES;
				CLANG_ENABLE_OBJC_WEAK = YES;
				CLANG_WARN_BLOCK_CAPTURE_AUTORELEASING = YES;
				CLANG_WARN_BOOL_CONVERSION = YES;
				CLANG_WARN_COMMA = YES;
				CLANG_WARN_CONSTANT_CONVERSION = YES;
				CLANG_WARN_DEPRECATED_OBJC_IMPLEMENTATIONS = YES;
				CLANG_WARN_DIRECT_OBJC_ISA_USAGE = YES_ERROR;
				CLANG_WARN_DOCUMENTATION_COMMENTS = YES;
				CLANG_WARN_EMPTY_BODY = YES;
				CLANG_WARN_ENUM_CONVERSION = YES;
				CLANG_WARN_INFINITE_RECURSION = YES;
				CLANG_WARN_INT_CONVERSION = YES;
				CLANG_WARN_NON_LITERAL_NULL_CONVERSION = YES;
				CLANG_WARN_OBJC_IMPLICIT_RETAIN_SELF = YES;
				CLANG_WARN_OBJC_LITERAL_CONVERSION = YES;
				CLANG_WARN_OBJC_ROOT_CLASS = YES_ERROR;
				CLANG_WARN_QUOTED_INCLUDE_IN_FRAMEWORK_HEADER = YES;
				CLANG_WARN_RANGE_LOOP_ANALYSIS = YES;
				CLANG_WARN_STRICT_PROTOTYPES = YES;
				CLANG_WARN_SUSPICIOUS_MOVE = YES;
				CLANG_WARN_UNGUARDED_AVAILABILITY = YES_AGGRESSIVE;
				CLANG_WARN_UNREACHABLE_CODE = YES;
				CLANG_WARN__DUPLICATE_METHOD_MATCH = YES;
				COPY_PHASE_STRIP = NO;
				DEBUG_INFORMATION_FORMAT = dwarf;
				ENABLE_STRICT_OBJC_MSGSEND = YES;
				ENABLE_TESTABILITY = YES;
				GCC_C_LANGUAGE_STANDARD = gnu11;
				GCC_DYNAMIC_NO_PIC = NO;
				GCC_NO_COMMON_BLOCKS = YES;
				GCC_OPTIMIZATION_LEVEL = 0;
				GCC_PREPROCESSOR_DEFINITIONS = (
					"DEBUG=1",
					"$(inherited)",
				);
				GCC_WARN_64_TO_32_BIT_CONVERSION = YES;
				GCC_WARN_ABOUT_RETURN_TYPE = YES_ERROR;
				GCC_WARN_UNDECLARED_SELECTOR = YES;
				GCC_WARN_UNINITIALIZED_AUTOS = YES_AGGRESSIVE;
				GCC_WARN_UNUSED_FUNCTION = YES;
				GCC_WARN_UNUSED_VARIABLE = YES;
				IPHONEOS_DEPLOYMENT_TARGET = 16.0;
				MTL_ENABLE_DEBUG_INFO = INCLUDE_SOURCE;
				MTL_FAST_MATH = YES;
				ONLY_ACTIVE_ARCH = YES;
				SDKROOT = iphoneos;
			};
			name = Debug;
		};
		B58DA31328F3D01F00AE0E9B /* Release */ = {
			isa = XCBuildConfiguration;
			buildSettings = {
				ALWAYS_SEARCH_USER_PATHS = NO;
				CLANG_ANALYZER_NONNULL = YES;
				CLANG_ANALYZER_NUMBER_OBJECT_CONVERSION = YES_AGGRESSIVE;
				CLANG_CXX_LANGUAGE_STANDARD = "gnu++20";
				CLANG_ENABLE_MODULES = YES;
				CLANG_ENABLE_OBJC_ARC = YES;
				CLANG_ENABLE_OBJC_WEAK = YES;
				CLANG_WARN_BLOCK_CAPTURE_AUTORELEASING = YES;
				CLANG_WARN_BOOL_CONVERSION = YES;
				CLANG_WARN_COMMA = YES;
				CLANG_WARN_CONSTANT_CONVERSION = YES;
				CLANG_WARN_DEPRECATED_OBJC_IMPLEMENTATIONS = YES;
				CLANG_WARN_DIRECT_OBJC_ISA_USAGE = YES_ERROR;
				CLANG_WARN_DOCUMENTATION_COMMENTS = YES;
				CLANG_WARN_EMPTY_BODY = YES;
				CLANG_WARN_ENUM_CONVERSION = YES;
				CLANG_WARN_INFINITE_RECURSION = YES;
				CLANG_WARN_INT_CONVERSION = YES;
				CLANG_WARN_NON_LITERAL_NULL_CONVERSION = YES;
				CLANG_WARN_OBJC_IMPLICIT_RETAIN_SELF = YES;
				CLANG_WARN_OBJC_LITERAL_CONVERSION = YES;
				CLANG_WARN_OBJC_ROOT_CLASS = YES_ERROR;
				CLANG_WARN_QUOTED_INCLUDE_IN_FRAMEWORK_HEADER = YES;
				CLANG_WARN_RANGE_LOOP_ANALYSIS = YES;
				CLANG_WARN_STRICT_PROTOTYPES = YES;
				CLANG_WARN_SUSPICIOUS_MOVE = YES;
				CLANG_WARN_UNGUARDED_AVAILABILITY = YES_AGGRESSIVE;
				CLANG_WARN_UNREACHABLE_CODE = YES;
				CLANG_WARN__DUPLICATE_METHOD_MATCH = YES;
				COPY_PHASE_STRIP = NO;
				DEBUG_INFORMATION_FORMAT = "dwarf-with-dsym";
				ENABLE_NS_ASSERTIONS = NO;
				ENABLE_STRICT_OBJC_MSGSEND = YES;
				GCC_C_LANGUAGE_STANDARD = gnu11;
				GCC_NO_COMMON_BLOCKS = YES;
				GCC_WARN_64_TO_32_BIT_CONVERSION = YES;
				GCC_WARN_ABOUT_RETURN_TYPE = YES_ERROR;
				GCC_WARN_UNDECLARED_SELECTOR = YES;
				GCC_WARN_UNINITIALIZED_AUTOS = YES_AGGRESSIVE;
				GCC_WARN_UNUSED_FUNCTION = YES;
				GCC_WARN_UNUSED_VARIABLE = YES;
				IPHONEOS_DEPLOYMENT_TARGET = 16.0;
				MTL_ENABLE_DEBUG_INFO = NO;
				MTL_FAST_MATH = YES;
				SDKROOT = iphoneos;
				VALIDATE_PRODUCT = YES;
			};
			name = Release;
		};
		B58DA31528F3D01F00AE0E9B /* Debug */ = {
			isa = XCBuildConfiguration;
			baseConfigurationReference = 6D160211371A190AFC527FA1 /* Pods-LottieSwiftToOC.debug.xcconfig */;
			buildSettings = {
				ASSETCATALOG_COMPILER_APPICON_NAME = AppIcon;
				ASSETCATALOG_COMPILER_GLOBAL_ACCENT_COLOR_NAME = AccentColor;
				CODE_SIGN_STYLE = Automatic;
				CURRENT_PROJECT_VERSION = 1;
				GENERATE_INFOPLIST_FILE = YES;
				INFOPLIST_FILE = LottieSwiftToOC/Info.plist;
				INFOPLIST_KEY_UIApplicationSupportsIndirectInputEvents = YES;
				INFOPLIST_KEY_UILaunchStoryboardName = LaunchScreen;
				INFOPLIST_KEY_UIMainStoryboardFile = Main;
				INFOPLIST_KEY_UISupportedInterfaceOrientations_iPad = "UIInterfaceOrientationPortrait UIInterfaceOrientationPortraitUpsideDown UIInterfaceOrientationLandscapeLeft UIInterfaceOrientationLandscapeRight";
				INFOPLIST_KEY_UISupportedInterfaceOrientations_iPhone = "UIInterfaceOrientationPortrait UIInterfaceOrientationLandscapeLeft UIInterfaceOrientationLandscapeRight";
				LD_RUNPATH_SEARCH_PATHS = (
					"$(inherited)",
					"@executable_path/Frameworks",
				);
				MARKETING_VERSION = 1.0;
				PRODUCT_BUNDLE_IDENTIFIER = com.sunny.LottieSwiftToOC;
				PRODUCT_NAME = "$(TARGET_NAME)";
				SWIFT_EMIT_LOC_STRINGS = YES;
				TARGETED_DEVICE_FAMILY = "1,2";
			};
			name = Debug;
		};
		B58DA31628F3D01F00AE0E9B /* Release */ = {
			isa = XCBuildConfiguration;
			baseConfigurationReference = CD5D7F329ECA5FC058E89990 /* Pods-LottieSwiftToOC.release.xcconfig */;
			buildSettings = {
				ASSETCATALOG_COMPILER_APPICON_NAME = AppIcon;
				ASSETCATALOG_COMPILER_GLOBAL_ACCENT_COLOR_NAME = AccentColor;
				CODE_SIGN_STYLE = Automatic;
				CURRENT_PROJECT_VERSION = 1;
				GENERATE_INFOPLIST_FILE = YES;
				INFOPLIST_FILE = LottieSwiftToOC/Info.plist;
				INFOPLIST_KEY_UIApplicationSupportsIndirectInputEvents = YES;
				INFOPLIST_KEY_UILaunchStoryboardName = LaunchScreen;
				INFOPLIST_KEY_UIMainStoryboardFile = Main;
				INFOPLIST_KEY_UISupportedInterfaceOrientations_iPad = "UIInterfaceOrientationPortrait UIInterfaceOrientationPortraitUpsideDown UIInterfaceOrientationLandscapeLeft UIInterfaceOrientationLandscapeRight";
				INFOPLIST_KEY_UISupportedInterfaceOrientations_iPhone = "UIInterfaceOrientationPortrait UIInterfaceOrientationLandscapeLeft UIInterfaceOrientationLandscapeRight";
				LD_RUNPATH_SEARCH_PATHS = (
					"$(inherited)",
					"@executable_path/Frameworks",
				);
				MARKETING_VERSION = 1.0;
				PRODUCT_BUNDLE_IDENTIFIER = com.sunny.LottieSwiftToOC;
				PRODUCT_NAME = "$(TARGET_NAME)";
				SWIFT_EMIT_LOC_STRINGS = YES;
				TARGETED_DEVICE_FAMILY = "1,2";
			};
			name = Release;
		};
/* End XCBuildConfiguration section */

/* Begin XCConfigurationList section */
		B58DA2F628F3D01D00AE0E9B /* Build configuration list for PBXProject "LottieSwiftToOC" */ = {
			isa = XCConfigurationList;
			buildConfigurations = (
				B58DA31228F3D01F00AE0E9B /* Debug */,
				B58DA31328F3D01F00AE0E9B /* Release */,
			);
			defaultConfigurationIsVisible = 0;
			defaultConfigurationName = Release;
		};
		B58DA31428F3D01F00AE0E9B /* Build configuration list for PBXNativeTarget "LottieSwiftToOC" */ = {
			isa = XCConfigurationList;
			buildConfigurations = (
				B58DA31528F3D01F00AE0E9B /* Debug */,
				B58DA31628F3D01F00AE0E9B /* Release */,
			);
			defaultConfigurationIsVisible = 0;
			defaultConfigurationName = Release;
		};
/* End XCConfigurationList section */
	};
	rootObject = B58DA2F328F3D01D00AE0E9B /* Project object */;
}
